// !$*UTF8*$!
{
	archiveVersion = 1;
	classes = {
	};
	objectVersion = 46;
	objects = {

/* Begin PBXBuildFile section */
		BF5C683C1C0807780044CD11 /* AppDelegate.swift in Sources */ = {isa = PBXBuildFile; fileRef = BF5C683B1C0807780044CD11 /* AppDelegate.swift */; };
		BF5C683E1C0807780044CD11 /* ViewController.swift in Sources */ = {isa = PBXBuildFile; fileRef = BF5C683D1C0807780044CD11 /* ViewController.swift */; };
		BF5C68411C0807780044CD11 /* Main.storyboard in Resources */ = {isa = PBXBuildFile; fileRef = BF5C683F1C0807780044CD11 /* Main.storyboard */; };
		BF5C68431C0807780044CD11 /* Assets.xcassets in Resources */ = {isa = PBXBuildFile; fileRef = BF5C68421C0807780044CD11 /* Assets.xcassets */; };
		BF5C68461C0807780044CD11 /* LaunchScreen.storyboard in Resources */ = {isa = PBXBuildFile; fileRef = BF5C68441C0807780044CD11 /* LaunchScreen.storyboard */; };
		BF5C68511C0807780044CD11 /* RCCarTests.swift in Sources */ = {isa = PBXBuildFile; fileRef = BF5C68501C0807780044CD11 /* RCCarTests.swift */; };
		BF5C685C1C0807780044CD11 /* RCCarUITests.swift in Sources */ = {isa = PBXBuildFile; fileRef = BF5C685B1C0807780044CD11 /* RCCarUITests.swift */; };
		BF5C686A1C0807A10044CD11 /* CoreBluetooth.framework in Frameworks */ = {isa = PBXBuildFile; fileRef = BF5C68691C0807A10044CD11 /* CoreBluetooth.framework */; };
		BF5C686C1C080D920044CD11 /* CoreMotion.framework in Frameworks */ = {isa = PBXBuildFile; fileRef = BF5C686B1C080D920044CD11 /* CoreMotion.framework */; };
/* End PBXBuildFile section */

/* Begin PBXContainerItemProxy section */
		BF5C684D1C0807780044CD11 /* PBXContainerItemProxy */ = {
			isa = PBXContainerItemProxy;
			containerPortal = BF5C68301C0807780044CD11 /* Project object */;
			proxyType = 1;
			remoteGlobalIDString = BF5C68371C0807780044CD11;
			remoteInfo = RCCar;
		};
		BF5C68581C0807780044CD11 /* PBXContainerItemProxy */ = {
			isa = PBXContainerItemProxy;
			containerPortal = BF5C68301C0807780044CD11 /* Project object */;
			proxyType = 1;
			remoteGlobalIDString = BF5C68371C0807780044CD11;
			remoteInfo = RCCar;
		};
/* End PBXContainerItemProxy section */

/* Begin PBXFileReference section */
		BF5C68381C0807780044CD11 /* RCCar.app */ = {isa = PBXFileReference; explicitFileType = wrapper.application; includeInIndex = 0; path = RCCar.app; sourceTree = BUILT_PRODUCTS_DIR; };
		BF5C683B1C0807780044CD11 /* AppDelegate.swift */ = {isa = PBXFileReference; lastKnownFileType = sourcecode.swift; path = AppDelegate.swift; sourceTree = "<group>"; };
		BF5C683D1C0807780044CD11 /* ViewController.swift */ = {isa = PBXFileReference; lastKnownFileType = sourcecode.swift; path = ViewController.swift; sourceTree = "<group>"; };
		BF5C68401C0807780044CD11 /* Base */ = {isa = PBXFileReference; lastKnownFileType = file.storyboard; name = Base; path = Base.lproj/Main.storyboard; sourceTree = "<group>"; };
		BF5C68421C0807780044CD11 /* Assets.xcassets */ = {isa = PBXFileReference; lastKnownFileType = folder.assetcatalog; path = Assets.xcassets; sourceTree = "<group>"; };
		BF5C68451C0807780044CD11 /* Base */ = {isa = PBXFileReference; lastKnownFileType = file.storyboard; name = Base; path = Base.lproj/LaunchScreen.storyboard; sourceTree = "<group>"; };
		BF5C68471C0807780044CD11 /* Info.plist */ = {isa = PBXFileReference; lastKnownFileType = text.plist.xml; path = Info.plist; sourceTree = "<group>"; };
		BF5C684C1C0807780044CD11 /* RCCarTests.xctest */ = {isa = PBXFileReference; explicitFileType = wrapper.cfbundle; includeInIndex = 0; path = RCCarTests.xctest; sourceTree = BUILT_PRODUCTS_DIR; };
		BF5C68501C0807780044CD11 /* RCCarTests.swift */ = {isa = PBXFileReference; lastKnownFileType = sourcecode.swift; path = RCCarTests.swift; sourceTree = "<group>"; };
		BF5C68521C0807780044CD11 /* Info.plist */ = {isa = PBXFileReference; lastKnownFileType = text.plist.xml; path = Info.plist; sourceTree = "<group>"; };
		BF5C68571C0807780044CD11 /* RCCarUITests.xctest */ = {isa = PBXFileReference; explicitFileType = wrapper.cfbundle; includeInIndex = 0; path = RCCarUITests.xctest; sourceTree = BUILT_PRODUCTS_DIR; };
		BF5C685B1C0807780044CD11 /* RCCarUITests.swift */ = {isa = PBXFileReference; lastKnownFileType = sourcecode.swift; path = RCCarUITests.swift; sourceTree = "<group>"; };
		BF5C685D1C0807780044CD11 /* Info.plist */ = {isa = PBXFileReference; lastKnownFileType = text.plist.xml; path = Info.plist; sourceTree = "<group>"; };
		BF5C68691C0807A10044CD11 /* CoreBluetooth.framework */ = {isa = PBXFileReference; lastKnownFileType = wrapper.framework; name = CoreBluetooth.framework; path = System/Library/Frameworks/CoreBluetooth.framework; sourceTree = SDKROOT; };
		BF5C686B1C080D920044CD11 /* CoreMotion.framework */ = {isa = PBXFileReference; lastKnownFileType = wrapper.framework; name = CoreMotion.framework; path = System/Library/Frameworks/CoreMotion.framework; sourceTree = SDKROOT; };
/* End PBXFileReference section */

/* Begin PBXFrameworksBuildPhase section */
		BF5C68351C0807780044CD11 /* Frameworks */ = {
			isa = PBXFrameworksBuildPhase;
			buildActionMask = 2147483647;
			files = (
				BF5C686C1C080D920044CD11 /* CoreMotion.framework in Frameworks */,
				BF5C686A1C0807A10044CD11 /* CoreBluetooth.framework in Frameworks */,
			);
			runOnlyForDeploymentPostprocessing = 0;
		};
		BF5C68491C0807780044CD11 /* Frameworks */ = {
			isa = PBXFrameworksBuildPhase;
			buildActionMask = 2147483647;
			files = (
			);
			runOnlyForDeploymentPostprocessing = 0;
		};
		BF5C68541C0807780044CD11 /* Frameworks */ = {
			isa = PBXFrameworksBuildPhase;
			buildActionMask = 2147483647;
			files = (
			);
			runOnlyForDeploymentPostprocessing = 0;
		};
/* End PBXFrameworksBuildPhase section */

/* Begin PBXGroup section */
		BF5C682F1C0807780044CD11 = {
			isa = PBXGroup;
			children = (
				BF5C686B1C080D920044CD11 /* CoreMotion.framework */,
				BF5C68691C0807A10044CD11 /* CoreBluetooth.framework */,
				BF5C683A1C0807780044CD11 /* RCCar */,
				BF5C684F1C0807780044CD11 /* RCCarTests */,
				BF5C685A1C0807780044CD11 /* RCCarUITests */,
				BF5C68391C0807780044CD11 /* Products */,
			);
			sourceTree = "<group>";
		};
		BF5C68391C0807780044CD11 /* Products */ = {
			isa = PBXGroup;
			children = (
				BF5C68381C0807780044CD11 /* RCCar.app */,
				BF5C684C1C0807780044CD11 /* RCCarTests.xctest */,
				BF5C68571C0807780044CD11 /* RCCarUITests.xctest */,
			);
			name = Products;
			sourceTree = "<group>";
		};
		BF5C683A1C0807780044CD11 /* RCCar */ = {
			isa = PBXGroup;
			children = (
				BF5C683B1C0807780044CD11 /* AppDelegate.swift */,
				BF5C683D1C0807780044CD11 /* ViewController.swift */,
				BF5C683F1C0807780044CD11 /* Main.storyboard */,
				BF5C68421C0807780044CD11 /* Assets.xcassets */,
				BF5C68441C0807780044CD11 /* LaunchScreen.storyboard */,
				BF5C68471C0807780044CD11 /* Info.plist */,
			);
			path = RCCar;
			sourceTree = "<group>";
		};
		BF5C684F1C0807780044CD11 /* RCCarTests */ = {
			isa = PBXGroup;
			children = (
				BF5C68501C0807780044CD11 /* RCCarTests.swift */,
				BF5C68521C0807780044CD11 /* Info.plist */,
			);
			path = RCCarTests;
			sourceTree = "<group>";
		};
		BF5C685A1C0807780044CD11 /* RCCarUITests */ = {
			isa = PBXGroup;
			children = (
				BF5C685B1C0807780044CD11 /* RCCarUITests.swift */,
				BF5C685D1C0807780044CD11 /* Info.plist */,
			);
			path = RCCarUITests;
			sourceTree = "<group>";
		};
/* End PBXGroup section */

/* Begin PBXNativeTarget section */
		BF5C68371C0807780044CD11 /* RCCar */ = {
			isa = PBXNativeTarget;
			buildConfigurationList = BF5C68601C0807780044CD11 /* Build configuration list for PBXNativeTarget "RCCar" */;
			buildPhases = (
				BF5C68341C0807780044CD11 /* Sources */,
				BF5C68351C0807780044CD11 /* Frameworks */,
				BF5C68361C0807780044CD11 /* Resources */,
			);
			buildRules = (
			);
			dependencies = (
			);
			name = RCCar;
			productName = RCCar;
			productReference = BF5C68381C0807780044CD11 /* RCCar.app */;
			productType = "com.apple.product-type.application";
		};
		BF5C684B1C0807780044CD11 /* RCCarTests */ = {
			isa = PBXNativeTarget;
			buildConfigurationList = BF5C68631C0807780044CD11 /* Build configuration list for PBXNativeTarget "RCCarTests" */;
			buildPhases = (
				BF5C68481C0807780044CD11 /* Sources */,
				BF5C68491C0807780044CD11 /* Frameworks */,
				BF5C684A1C0807780044CD11 /* Resources */,
			);
			buildRules = (
			);
			dependencies = (
				BF5C684E1C0807780044CD11 /* PBXTargetDependency */,
			);
			name = RCCarTests;
			productName = RCCarTests;
			productReference = BF5C684C1C0807780044CD11 /* RCCarTests.xctest */;
			productType = "com.apple.product-type.bundle.unit-test";
		};
		BF5C68561C0807780044CD11 /* RCCarUITests */ = {
			isa = PBXNativeTarget;
			buildConfigurationList = BF5C68661C0807780044CD11 /* Build configuration list for PBXNativeTarget "RCCarUITests" */;
			buildPhases = (
				BF5C68531C0807780044CD11 /* Sources */,
				BF5C68541C0807780044CD11 /* Frameworks */,
				BF5C68551C0807780044CD11 /* Resources */,
			);
			buildRules = (
			);
			dependencies = (
				BF5C68591C0807780044CD11 /* PBXTargetDependency */,
			);
			name = RCCarUITests;
			productName = RCCarUITests;
			productReference = BF5C68571C0807780044CD11 /* RCCarUITests.xctest */;
			productType = "com.apple.product-type.bundle.ui-testing";
		};
/* End PBXNativeTarget section */

/* Begin PBXProject section */
		BF5C68301C0807780044CD11 /* Project object */ = {
			isa = PBXProject;
			attributes = {
				LastSwiftUpdateCheck = 0710;
				LastUpgradeCheck = 0710;
				ORGANIZATIONNAME = eriksargent;
				TargetAttributes = {
					BF5C68371C0807780044CD11 = {
						CreatedOnToolsVersion = 7.1.1;
					};
					BF5C684B1C0807780044CD11 = {
						CreatedOnToolsVersion = 7.1.1;
						TestTargetID = BF5C68371C0807780044CD11;
					};
					BF5C68561C0807780044CD11 = {
						CreatedOnToolsVersion = 7.1.1;
						TestTargetID = BF5C68371C0807780044CD11;
					};
				};
			};
			buildConfigurationList = BF5C68331C0807780044CD11 /* Build configuration list for PBXProject "RCCar" */;
			compatibilityVersion = "Xcode 3.2";
			developmentRegion = English;
			hasScannedForEncodings = 0;
			knownRegions = (
				en,
				Base,
			);
			mainGroup = BF5C682F1C0807780044CD11;
			productRefGroup = BF5C68391C0807780044CD11 /* Products */;
			projectDirPath = "";
			projectRoot = "";
			targets = (
				BF5C68371C0807780044CD11 /* RCCar */,
				BF5C684B1C0807780044CD11 /* RCCarTests */,
				BF5C68561C0807780044CD11 /* RCCarUITests */,
			);
		};
/* End PBXProject section */

/* Begin PBXResourcesBuildPhase section */
		BF5C68361C0807780044CD11 /* Resources */ = {
			isa = PBXResourcesBuildPhase;
			buildActionMask = 2147483647;
			files = (
				BF5C68461C0807780044CD11 /* LaunchScreen.storyboard in Resources */,
				BF5C68431C0807780044CD11 /* Assets.xcassets in Resources */,
				BF5C68411C0807780044CD11 /* Main.storyboard in Resources */,
			);
			runOnlyForDeploymentPostprocessing = 0;
		};
		BF5C684A1C0807780044CD11 /* Resources */ = {
			isa = PBXResourcesBuildPhase;
			buildActionMask = 2147483647;
			files = (
			);
			runOnlyForDeploymentPostprocessing = 0;
		};
		BF5C68551C0807780044CD11 /* Resources */ = {
			isa = PBXResourcesBuildPhase;
			buildActionMask = 2147483647;
			files = (
			);
			runOnlyForDeploymentPostprocessing = 0;
		};
/* End PBXResourcesBuildPhase section */

/* Begin PBXSourcesBuildPhase section */
		BF5C68341C0807780044CD11 /* Sources */ = {
			isa = PBXSourcesBuildPhase;
			buildActionMask = 2147483647;
			files = (
				BF5C683E1C0807780044CD11 /* ViewController.swift in Sources */,
				BF5C683C1C0807780044CD11 /* AppDelegate.swift in Sources */,
			);
			runOnlyForDeploymentPostprocessing = 0;
		};
		BF5C68481C0807780044CD11 /* Sources */ = {
			isa = PBXSourcesBuildPhase;
			buildActionMask = 2147483647;
			files = (
				BF5C68511C0807780044CD11 /* RCCarTests.swift in Sources */,
			);
			runOnlyForDeploymentPostprocessing = 0;
		};
		BF5C68531C0807780044CD11 /* Sources */ = {
			isa = PBXSourcesBuildPhase;
			buildActionMask = 2147483647;
			files = (
				BF5C685C1C0807780044CD11 /* RCCarUITests.swift in Sources */,
			);
			runOnlyForDeploymentPostprocessing = 0;
		};
/* End PBXSourcesBuildPhase section */

/* Begin PBXTargetDependency section */
		BF5C684E1C0807780044CD11 /* PBXTargetDependency */ = {
			isa = PBXTargetDependency;
			target = BF5C68371C0807780044CD11 /* RCCar */;
			targetProxy = BF5C684D1C0807780044CD11 /* PBXContainerItemProxy */;
		};
		BF5C68591C0807780044CD11 /* PBXTargetDependency */ = {
			isa = PBXTargetDependency;
			target = BF5C68371C0807780044CD11 /* RCCar */;
			targetProxy = BF5C68581C0807780044CD11 /* PBXContainerItemProxy */;
		};
/* End PBXTargetDependency section */

/* Begin PBXVariantGroup section */
		BF5C683F1C0807780044CD11 /* Main.storyboard */ = {
			isa = PBXVariantGroup;
			children = (
				BF5C68401C0807780044CD11 /* Base */,
			);
			name = Main.storyboard;
			sourceTree = "<group>";
		};
		BF5C68441C0807780044CD11 /* LaunchScreen.storyboard */ = {
			isa = PBXVariantGroup;
			children = (
				BF5C68451C0807780044CD11 /* Base */,
			);
			name = LaunchScreen.storyboard;
			sourceTree = "<group>";
		};
/* End PBXVariantGroup section */

/* Begin XCBuildConfiguration section */
		BF5C685E1C0807780044CD11 /* Debug */ = {
			isa = XCBuildConfiguration;
			buildSettings = {
				ALWAYS_SEARCH_USER_PATHS = NO;
				CLANG_CXX_LANGUAGE_STANDARD = "gnu++0x";
				CLANG_CXX_LIBRARY = "libc++";
				CLANG_ENABLE_MODULES = YES;
				CLANG_ENABLE_OBJC_ARC = YES;
				CLANG_WARN_BOOL_CONVERSION = YES;
				CLANG_WARN_CONSTANT_CONVERSION = YES;
				CLANG_WARN_DIRECT_OBJC_ISA_USAGE = YES_ERROR;
				CLANG_WARN_EMPTY_BODY = YES;
				CLANG_WARN_ENUM_CONVERSION = YES;
				CLANG_WARN_INT_CONVERSION = YES;
				CLANG_WARN_OBJC_ROOT_CLASS = YES_ERROR;
				CLANG_WARN_UNREACHABLE_CODE = YES;
				CLANG_WARN__DUPLICATE_METHOD_MATCH = YES;
				"CODE_SIGN_IDENTITY[sdk=iphoneos*]" = "iPhone Developer";
				COPY_PHASE_STRIP = NO;
				DEBUG_INFORMATION_FORMAT = dwarf;
				ENABLE_STRICT_OBJC_MSGSEND = YES;
				ENABLE_TESTABILITY = YES;
				GCC_C_LANGUAGE_STANDARD = gnu99;
				GCC_DYNAMIC_NO_PIC = NO;
				GCC_NO_COMMON_BLOCKS = YES;
				GCC_OPTIMIZATION_LEVEL = 0;
				GCC_PREPROCESSOR_DEFINITIONS = (
					"DEBUG=1",
					"$(inherited)",
				);
				GCC_WARN_64_TO_32_BIT_CONVERSION = YES;
				GCC_WARN_ABOUT_RETURN_TYPE = YES_ERROR;
				GCC_WARN_UNDECLARED_SELECTOR = YES;
				GCC_WARN_UNINITIALIZED_AUTOS = YES_AGGRESSIVE;
				GCC_WARN_UNUSED_FUNCTION = YES;
				GCC_WARN_UNUSED_VARIABLE = YES;
				IPHONEOS_DEPLOYMENT_TARGET = 9.1;
				MTL_ENABLE_DEBUG_INFO = YES;
				ONLY_ACTIVE_ARCH = YES;
				SDKROOT = iphoneos;
				SWIFT_OPTIMIZATION_LEVEL = "-Onone";
				TARGETED_DEVICE_FAMILY = "1,2";
			};
			name = Debug;
		};
		BF5C685F1C0807780044CD11 /* Release */ = {
			isa = XCBuildConfiguration;
			buildSettings = {
				ALWAYS_SEARCH_USER_PATHS = NO;
				CLANG_CXX_LANGUAGE_STANDARD = "gnu++0x";
				CLANG_CXX_LIBRARY = "libc++";
				CLANG_ENABLE_MODULES = YES;
				CLANG_ENABLE_OBJC_ARC = YES;
				CLANG_WARN_BOOL_CONVERSION = YES;
				CLANG_WARN_CONSTANT_CONVERSION = YES;
				CLANG_WARN_DIRECT_OBJC_ISA_USAGE = YES_ERROR;
				CLANG_WARN_EMPTY_BODY = YES;
				CLANG_WARN_ENUM_CONVERSION = YES;
				CLANG_WARN_INT_CONVERSION = YES;
				CLANG_WARN_OBJC_ROOT_CLASS = YES_ERROR;
				CLANG_WARN_UNREACHABLE_CODE = YES;
				CLANG_WARN__DUPLICATE_METHOD_MATCH = YES;
				"CODE_SIGN_IDENTITY[sdk=iphoneos*]" = "iPhone Developer";
				COPY_PHASE_STRIP = NO;
				DEBUG_INFORMATION_FORMAT = "dwarf-with-dsym";
				ENABLE_NS_ASSERTIONS = NO;
				ENABLE_STRICT_OBJC_MSGSEND = YES;
				GCC_C_LANGUAGE_STANDARD = gnu99;
				GCC_NO_COMMON_BLOCKS = YES;
				GCC_WARN_64_TO_32_BIT_CONVERSION = YES;
				GCC_WARN_ABOUT_RETURN_TYPE = YES_ERROR;
				GCC_WARN_UNDECLARED_SELECTOR = YES;
				GCC_WARN_UNINITIALIZED_AUTOS = YES_AGGRESSIVE;
				GCC_WARN_UNUSED_FUNCTION = YES;
				GCC_WARN_UNUSED_VARIABLE = YES;
				IPHONEOS_DEPLOYMENT_TARGET = 9.1;
				MTL_ENABLE_DEBUG_INFO = NO;
				SDKROOT = iphoneos;
				TARGETED_DEVICE_FAMILY = "1,2";
				VALIDATE_PRODUCT = YES;
			};
			name = Release;
		};
		BF5C68611C0807780044CD11 /* Debug */ = {
			isa = XCBuildConfiguration;
			buildSettings = {
				ASSETCATALOG_COMPILER_APPICON_NAME = AppIcon;
				INFOPLIST_FILE = RCCar/Info.plist;
				LD_RUNPATH_SEARCH_PATHS = "$(inherited) @executable_path/Frameworks";
				PRODUCT_BUNDLE_IDENTIFIER = eriksargent.RCCar;
				PRODUCT_NAME = "$(TARGET_NAME)";
			};
			name = Debug;
		};
		BF5C68621C0807780044CD11 /* Release */ = {
			isa = XCBuildConfiguration;
			buildSettings = {
				ASSETCATALOG_COMPILER_APPICON_NAME = AppIcon;
				INFOPLIST_FILE = RCCar/Info.plist;
				LD_RUNPATH_SEARCH_PATHS = "$(inherited) @executable_path/Frameworks";
				PRODUCT_BUNDLE_IDENTIFIER = eriksargent.RCCar;
				PRODUCT_NAME = "$(TARGET_NAME)";
			};
			name = Release;
		};
		BF5C68641C0807780044CD11 /* Debug */ = {
			isa = XCBuildConfiguration;
			buildSettings = {
				BUNDLE_LOADER = "$(TEST_HOST)";
				INFOPLIST_FILE = RCCarTests/Info.plist;
				LD_RUNPATH_SEARCH_PATHS = "$(inherited) @executable_path/Frameworks @loader_path/Frameworks";
				PRODUCT_BUNDLE_IDENTIFIER = eriksargent.RCCarTests;
				PRODUCT_NAME = "$(TARGET_NAME)";
				TEST_HOST = "$(BUILT_PRODUCTS_DIR)/RCCar.app/RCCar";
			};
			name = Debug;
		};
		BF5C68651C0807780044CD11 /* Release */ = {
			isa = XCBuildConfiguration;
			buildSettings = {
				BUNDLE_LOADER = "$(TEST_HOST)";
				INFOPLIST_FILE = RCCarTests/Info.plist;
				LD_RUNPATH_SEARCH_PATHS = "$(inherited) @executable_path/Frameworks @loader_path/Frameworks";
				PRODUCT_BUNDLE_IDENTIFIER = eriksargent.RCCarTests;
				PRODUCT_NAME = "$(TARGET_NAME)";
				TEST_HOST = "$(BUILT_PRODUCTS_DIR)/RCCar.app/RCCar";
			};
			name = Release;
		};
		BF5C68671C0807780044CD11 /* Debug */ = {
			isa = XCBuildConfiguration;
			buildSettings = {
				INFOPLIST_FILE = RCCarUITests/Info.plist;
				LD_RUNPATH_SEARCH_PATHS = "$(inherited) @executable_path/Frameworks @loader_path/Frameworks";
				PRODUCT_BUNDLE_IDENTIFIER = eriksargent.RCCarUITests;
				PRODUCT_NAME = "$(TARGET_NAME)";
				TEST_TARGET_NAME = RCCar;
				USES_XCTRUNNER = YES;
			};
			name = Debug;
		};
		BF5C68681C0807780044CD11 /* Release */ = {
			isa = XCBuildConfiguration;
			buildSettings = {
				INFOPLIST_FILE = RCCarUITests/Info.plist;
				LD_RUNPATH_SEARCH_PATHS = "$(inherited) @executable_path/Frameworks @loader_path/Frameworks";
				PRODUCT_BUNDLE_IDENTIFIER = eriksargent.RCCarUITests;
				PRODUCT_NAME = "$(TARGET_NAME)";
				TEST_TARGET_NAME = RCCar;
				USES_XCTRUNNER = YES;
			};
			name = Release;
		};
/* End XCBuildConfiguration section */

/* Begin XCConfigurationList section */
		BF5C68331C0807780044CD11 /* Build configuration list for PBXProject "RCCar" */ = {
			isa = XCConfigurationList;
			buildConfigurations = (
				BF5C685E1C0807780044CD11 /* Debug */,
				BF5C685F1C0807780044CD11 /* Release */,
			);
			defaultConfigurationIsVisible = 0;
			defaultConfigurationName = Release;
		};
		BF5C68601C0807780044CD11 /* Build configuration list for PBXNativeTarget "RCCar" */ = {
			isa = XCConfigurationList;
			buildConfigurations = (
				BF5C68611C0807780044CD11 /* Debug */,
				BF5C68621C0807780044CD11 /* Release */,
			);
			defaultConfigurationIsVisible = 0;
			defaultConfigurationName = Release;
		};
		BF5C68631C0807780044CD11 /* Build configuration list for PBXNativeTarget "RCCarTests" */ = {
			isa = XCConfigurationList;
			buildConfigurations = (
				BF5C68641C0807780044CD11 /* Debug */,
				BF5C68651C0807780044CD11 /* Release */,
			);
			defaultConfigurationIsVisible = 0;
			defaultConfigurationName = Release;
		};
		BF5C68661C0807780044CD11 /* Build configuration list for PBXNativeTarget "RCCarUITests" */ = {
			isa = XCConfigurationList;
			buildConfigurations = (
				BF5C68671C0807780044CD11 /* Debug */,
				BF5C68681C0807780044CD11 /* Release */,
			);
			defaultConfigurationIsVisible = 0;
			defaultConfigurationName = Release;
		};
/* End XCConfigurationList section */
	};
	rootObject = BF5C68301C0807780044CD11 /* Project object */;
}
